
Microsoft Visual Studio Solution File, Format Version 12.00
# Visual Studio Version 17
VisualStudioVersion = 17.14.37111.16 d17.14
MinimumVisualStudioVersion = 10.0.40219.1
Project("{FAE04EC0-301F-11D3-BF4B-00C04F79EFBC}") = "ChatBot Application - Cipher", "ChatBot Application - Cipher\ChatBot Application - Cipher.csproj", "{F9FE226B-E780-4EB1-9C81-D1E80B0EDC99}"
EndProject
Global
	GlobalSection(SolutionConfigurationPlatforms) = preSolution
		Debug|Any CPU = Debug|Any CPU
		Release|Any CPU = Release|Any CPU
	EndGlobalSection
	GlobalSection(ProjectConfigurationPlatforms) = postSolution
		{F9FE226B-E780-4EB1-9C81-D1E80B0EDC99}.Debug|Any CPU.ActiveCfg = Debug|Any CPU
		{F9FE226B-E780-4EB1-9C81-D1E80B0EDC99}.Debug|Any CPU.Build.0 = Debug|Any CPU
		{F9FE226B-E780-4EB1-9C81-D1E80B0EDC99}.Release|Any CPU.ActiveCfg = Release|Any CPU
		{F9FE226B-E780-4EB1-9C81-D1E80B0EDC99}.Release|Any CPU.Build.0 = Release|Any CPU
	EndGlobalSection
	GlobalSection(SolutionProperties) = preSolution
		HideSolutionNode = FALSE
	EndGlobalSection
	GlobalSection(ExtensibilityGlobals) = postSolution
		SolutionGuid = {8600E4AA-7C42-4232-85B9-4890B42016D3}
	EndGlobalSection
EndGlobal
